
Microsoft Visual Studio Solution File, Format Version 12.00
# Visual Studio Version 17
VisualStudioVersion = 17.8.34316.72
MinimumVisualStudioVersion = 10.0.40219.1
Project("{FAE04EC0-301F-11D3-BF4B-00C04F79EFBC}") = "VKStudio", "VKStudio.csproj", "{F1D8AD6B-58A5-4107-BEF5-5BA465ADC5CD}"
EndProject
Global
	GlobalSection(SolutionConfigurationPlatforms) = preSolution
		Debug|Any CPU = Debug|Any CPU
		Release|Any CPU = Release|Any CPU
	EndGlobalSection
	GlobalSection(ProjectConfigurationPlatforms) = postSolution
		{F1D8AD6B-58A5-4107-BEF5-5BA465ADC5CD}.Debug|Any CPU.ActiveCfg = Debug|Any CPU
		{F1D8AD6B-58A5-4107-BEF5-5BA465ADC5CD}.Debug|Any CPU.Build.0 = Debug|Any CPU
		{F1D8AD6B-58A5-4107-BEF5-5BA465ADC5CD}.Release|Any CPU.ActiveCfg = Release|Any CPU
		{F1D8AD6B-58A5-4107-BEF5-5BA465ADC5CD}.Release|Any CPU.Build.0 = Release|Any CPU
	EndGlobalSection
	GlobalSection(SolutionProperties) = preSolution
		HideSolutionNode = FALSE
	EndGlobalSection
	GlobalSection(ExtensibilityGlobals) = postSolution
		SolutionGuid = {C5F043DC-52B1-400A-8146-5D230AF5B1DB}
	EndGlobalSection
EndGlobal
